
Microsoft Visual Studio Solution File, Format Version 12.00
# Visual Studio Version 16
VisualStudioVersion = 16.0.31613.86
MinimumVisualStudioVersion = 10.0.40219.1
Project("{9A19103F-16F7-4668-BE54-9A1E7A4F7556}") = "PseudoScript", "PseudoScript\PseudoScript.csproj", "{82D7686F-378C-4716-A0E2-9AE096F8DFD8}"
EndProject
Project("{2150E333-8FDC-42A3-9474-1A3956D46DE8}") = "Interpreter", "Interpreter", "{439AFC3E-634F-4CEF-87E0-935FE0EF1739}"
EndProject
Project("{FAE04EC0-301F-11D3-BF4B-00C04F79EFBC}") = "PseudoScriptTests", "PseudoScriptTests\PseudoScriptTests.csproj", "{23187D97-F2D3-406D-839A-0FF0DB42F87F}"
EndProject
Global
	GlobalSection(SolutionConfigurationPlatforms) = preSolution
		Debug|Any CPU = Debug|Any CPU
		Release|Any CPU = Release|Any CPU
	EndGlobalSection
	GlobalSection(ProjectConfigurationPlatforms) = postSolution
		{82D7686F-378C-4716-A0E2-9AE096F8DFD8}.Debug|Any CPU.ActiveCfg = Debug|Any CPU
		{82D7686F-378C-4716-A0E2-9AE096F8DFD8}.Debug|Any CPU.Build.0 = Debug|Any CPU
		{82D7686F-378C-4716-A0E2-9AE096F8DFD8}.Release|Any CPU.ActiveCfg = Release|Any CPU
		{82D7686F-378C-4716-A0E2-9AE096F8DFD8}.Release|Any CPU.Build.0 = Release|Any CPU
		{23187D97-F2D3-406D-839A-0FF0DB42F87F}.Debug|Any CPU.ActiveCfg = Debug|Any CPU
		{23187D97-F2D3-406D-839A-0FF0DB42F87F}.Debug|Any CPU.Build.0 = Debug|Any CPU
		{23187D97-F2D3-406D-839A-0FF0DB42F87F}.Release|Any CPU.ActiveCfg = Release|Any CPU
		{23187D97-F2D3-406D-839A-0FF0DB42F87F}.Release|Any CPU.Build.0 = Release|Any CPU
	EndGlobalSection
	GlobalSection(SolutionProperties) = preSolution
		HideSolutionNode = FALSE
	EndGlobalSection
	GlobalSection(ExtensibilityGlobals) = postSolution
		SolutionGuid = {E4C04C7D-A19F-479C-985C-B0D6EEE1B7DF}
	EndGlobalSection
EndGlobal
